
Microsoft Visual Studio Solution File, Format Version 12.00
# Visual Studio Version 17
VisualStudioVersion = 17.0.32126.317
MinimumVisualStudioVersion = 10.0.40219.1
Project("{FAE04EC0-301F-11D3-BF4B-00C04F79EFBC}") = "1. WForms harjoitus", "1. WForms harjoitus\1. WForms harjoitus.csproj", "{39448FA3-F035-4FF8-9B98-DB1D0EF4C6BB}"
EndProject
Global
	GlobalSection(SolutionConfigurationPlatforms) = preSolution
		Debug|Any CPU = Debug|Any CPU
		Release|Any CPU = Release|Any CPU
	EndGlobalSection
	GlobalSection(ProjectConfigurationPlatforms) = postSolution
		{39448FA3-F035-4FF8-9B98-DB1D0EF4C6BB}.Debug|Any CPU.ActiveCfg = Debug|Any CPU
		{39448FA3-F035-4FF8-9B98-DB1D0EF4C6BB}.Debug|Any CPU.Build.0 = Debug|Any CPU
		{39448FA3-F035-4FF8-9B98-DB1D0EF4C6BB}.Release|Any CPU.ActiveCfg = Release|Any CPU
		{39448FA3-F035-4FF8-9B98-DB1D0EF4C6BB}.Release|Any CPU.Build.0 = Release|Any CPU
	EndGlobalSection
	GlobalSection(SolutionProperties) = preSolution
		HideSolutionNode = FALSE
	EndGlobalSection
	GlobalSection(ExtensibilityGlobals) = postSolution
		SolutionGuid = {E0BDD495-F4B7-4E50-9B24-9E87DA8252B0}
	EndGlobalSection
EndGlobal
